// !$*UTF8*$!
{
	archiveVersion = 1;
	classes = {
	};
	objectVersion = 50;
	objects = {

/* Begin PBXBuildFile section */
		F170FE1C24B22B6A0012E920 /* AppDelegate.swift in Sources */ = {isa = PBXBuildFile; fileRef = F170FE1B24B22B6A0012E920 /* AppDelegate.swift */; };
		F170FE1E24B22B6A0012E920 /* SceneDelegate.swift in Sources */ = {isa = PBXBuildFile; fileRef = F170FE1D24B22B6A0012E920 /* SceneDelegate.swift */; };
		F170FE2524B22B6C0012E920 /* Assets.xcassets in Resources */ = {isa = PBXBuildFile; fileRef = F170FE2424B22B6C0012E920 /* Assets.xcassets */; };
		F170FE2824B22B6C0012E920 /* LaunchScreen.storyboard in Resources */ = {isa = PBXBuildFile; fileRef = F170FE2624B22B6C0012E920 /* LaunchScreen.storyboard */; };
		F170FE3624B22EFE0012E920 /* CollectionViewData.swift in Sources */ = {isa = PBXBuildFile; fileRef = F170FE3224B22C8D0012E920 /* CollectionViewData.swift */; };
		F170FE3A24B235CD0012E920 /* CollectionViewCell.swift in Sources */ = {isa = PBXBuildFile; fileRef = F170FE3924B235CD0012E920 /* CollectionViewCell.swift */; };
		F170FE3F24B2437E0012E920 /* CollectionViewHelper.swift in Sources */ = {isa = PBXBuildFile; fileRef = F170FE3E24B2437E0012E920 /* CollectionViewHelper.swift */; };
		F170FE4424B256980012E920 /* CustomButton.swift in Sources */ = {isa = PBXBuildFile; fileRef = F170FE4324B256980012E920 /* CustomButton.swift */; };
		F170FE4624B258B60012E920 /* CustomAlert.swift in Sources */ = {isa = PBXBuildFile; fileRef = F170FE4124B2567B0012E920 /* CustomAlert.swift */; };
		F170FE4724B25A160012E920 /* ViewController.swift in Sources */ = {isa = PBXBuildFile; fileRef = F170FE1F24B22B6A0012E920 /* ViewController.swift */; };
		F170FE4A24B273250012E920 /* AlertProtocol.swift in Sources */ = {isa = PBXBuildFile; fileRef = F170FE4924B273250012E920 /* AlertProtocol.swift */; };
/* End PBXBuildFile section */

/* Begin PBXFileReference section */
		F170FE1824B22B6A0012E920 /* collectionViewDiffableDS.app */ = {isa = PBXFileReference; explicitFileType = wrapper.application; includeInIndex = 0; path = collectionViewDiffableDS.app; sourceTree = BUILT_PRODUCTS_DIR; };
		F170FE1B24B22B6A0012E920 /* AppDelegate.swift */ = {isa = PBXFileReference; lastKnownFileType = sourcecode.swift; path = AppDelegate.swift; sourceTree = "<group>"; };
		F170FE1D24B22B6A0012E920 /* SceneDelegate.swift */ = {isa = PBXFileReference; lastKnownFileType = sourcecode.swift; path = SceneDelegate.swift; sourceTree = "<group>"; };
		F170FE1F24B22B6A0012E920 /* ViewController.swift */ = {isa = PBXFileReference; lastKnownFileType = sourcecode.swift; path = ViewController.swift; sourceTree = "<group>"; };
		F170FE2424B22B6C0012E920 /* Assets.xcassets */ = {isa = PBXFileReference; lastKnownFileType = folder.assetcatalog; path = Assets.xcassets; sourceTree = "<group>"; };
		F170FE2724B22B6C0012E920 /* Base */ = {isa = PBXFileReference; lastKnownFileType = file.storyboard; name = Base; path = Base.lproj/LaunchScreen.storyboard; sourceTree = "<group>"; };
		F170FE2924B22B6C0012E920 /* Info.plist */ = {isa = PBXFileReference; lastKnownFileType = text.plist.xml; path = Info.plist; sourceTree = "<group>"; };
		F170FE3224B22C8D0012E920 /* CollectionViewData.swift */ = {isa = PBXFileReference; lastKnownFileType = sourcecode.swift; path = CollectionViewData.swift; sourceTree = "<group>"; };
		F170FE3924B235CD0012E920 /* CollectionViewCell.swift */ = {isa = PBXFileReference; lastKnownFileType = sourcecode.swift; path = CollectionViewCell.swift; sourceTree = "<group>"; };
		F170FE3E24B2437E0012E920 /* CollectionViewHelper.swift */ = {isa = PBXFileReference; lastKnownFileType = sourcecode.swift; path = CollectionViewHelper.swift; sourceTree = "<group>"; };
		F170FE4124B2567B0012E920 /* CustomAlert.swift */ = {isa = PBXFileReference; lastKnownFileType = sourcecode.swift; path = CustomAlert.swift; sourceTree = "<group>"; };
		F170FE4324B256980012E920 /* CustomButton.swift */ = {isa = PBXFileReference; lastKnownFileType = sourcecode.swift; path = CustomButton.swift; sourceTree = "<group>"; };
		F170FE4924B273250012E920 /* AlertProtocol.swift */ = {isa = PBXFileReference; lastKnownFileType = sourcecode.swift; path = AlertProtocol.swift; sourceTree = "<group>"; };
/* End PBXFileReference section */

/* Begin PBXFrameworksBuildPhase section */
		F170FE1524B22B6A0012E920 /* Frameworks */ = {
			isa = PBXFrameworksBuildPhase;
			buildActionMask = 2147483647;
			files = (
			);
			runOnlyForDeploymentPostprocessing = 0;
		};
/* End PBXFrameworksBuildPhase section */

/* Begin PBXGroup section */
		F170FE0F24B22B6A0012E920 = {
			isa = PBXGroup;
			children = (
				F170FE1A24B22B6A0012E920 /* collectionViewDiffableDS */,
				F170FE1924B22B6A0012E920 /* Products */,
			);
			sourceTree = "<group>";
		};
		F170FE1924B22B6A0012E920 /* Products */ = {
			isa = PBXGroup;
			children = (
				F170FE1824B22B6A0012E920 /* collectionViewDiffableDS.app */,
			);
			name = Products;
			sourceTree = "<group>";
		};
		F170FE1A24B22B6A0012E920 /* collectionViewDiffableDS */ = {
			isa = PBXGroup;
			children = (
				F170FE4824B273160012E920 /* Protocols */,
				F170FE2F24B22B9A0012E920 /* Supporting Files */,
				F170FE3D24B243670012E920 /* Utils */,
				F170FE3124B22C810012E920 /* Model */,
				F170FE3724B235B00012E920 /* Views */,
				F170FE4524B258010012E920 /* Screens */,
			);
			path = collectionViewDiffableDS;
			sourceTree = "<group>";
		};
		F170FE2F24B22B9A0012E920 /* Supporting Files */ = {
			isa = PBXGroup;
			children = (
				F170FE1B24B22B6A0012E920 /* AppDelegate.swift */,
				F170FE1D24B22B6A0012E920 /* SceneDelegate.swift */,
				F170FE2424B22B6C0012E920 /* Assets.xcassets */,
				F170FE2624B22B6C0012E920 /* LaunchScreen.storyboard */,
				F170FE2924B22B6C0012E920 /* Info.plist */,
			);
			path = "Supporting Files";
			sourceTree = "<group>";
		};
		F170FE3124B22C810012E920 /* Model */ = {
			isa = PBXGroup;
			children = (
				F170FE3224B22C8D0012E920 /* CollectionViewData.swift */,
			);
			path = Model;
			sourceTree = "<group>";
		};
		F170FE3724B235B00012E920 /* Views */ = {
			isa = PBXGroup;
			children = (
				F170FE4124B2567B0012E920 /* CustomAlert.swift */,
				F170FE4324B256980012E920 /* CustomButton.swift */,
				F170FE3824B235B70012E920 /* Cells */,
			);
			path = Views;
			sourceTree = "<group>";
		};
		F170FE3824B235B70012E920 /* Cells */ = {
			isa = PBXGroup;
			children = (
				F170FE3924B235CD0012E920 /* CollectionViewCell.swift */,
			);
			path = Cells;
			sourceTree = "<group>";
		};
		F170FE3D24B243670012E920 /* Utils */ = {
			isa = PBXGroup;
			children = (
				F170FE3E24B2437E0012E920 /* CollectionViewHelper.swift */,
			);
			path = Utils;
			sourceTree = "<group>";
		};
		F170FE4524B258010012E920 /* Screens */ = {
			isa = PBXGroup;
			children = (
				F170FE1F24B22B6A0012E920 /* ViewController.swift */,
			);
			path = Screens;
			sourceTree = "<group>";
		};
		F170FE4824B273160012E920 /* Protocols */ = {
			isa = PBXGroup;
			children = (
				F170FE4924B273250012E920 /* AlertProtocol.swift */,
			);
			path = Protocols;
			sourceTree = "<group>";
		};
/* End PBXGroup section */

/* Begin PBXNativeTarget section */
		F170FE1724B22B6A0012E920 /* collectionViewDiffableDS */ = {
			isa = PBXNativeTarget;
			buildConfigurationList = F170FE2C24B22B6C0012E920 /* Build configuration list for PBXNativeTarget "collectionViewDiffableDS" */;
			buildPhases = (
				F170FE1424B22B6A0012E920 /* Sources */,
				F170FE1524B22B6A0012E920 /* Frameworks */,
				F170FE1624B22B6A0012E920 /* Resources */,
			);
			buildRules = (
			);
			dependencies = (
			);
			name = collectionViewDiffableDS;
			productName = collectionViewDiffableDS;
			productReference = F170FE1824B22B6A0012E920 /* collectionViewDiffableDS.app */;
			productType = "com.apple.product-type.application";
		};
/* End PBXNativeTarget section */

/* Begin PBXProject section */
		F170FE1024B22B6A0012E920 /* Project object */ = {
			isa = PBXProject;
			attributes = {
				LastSwiftUpdateCheck = 1130;
				LastUpgradeCheck = 1130;
				ORGANIZATIONNAME = "Marina Beatriz Santana de Aguiar";
				TargetAttributes = {
					F170FE1724B22B6A0012E920 = {
						CreatedOnToolsVersion = 11.3.1;
					};
				};
			};
			buildConfigurationList = F170FE1324B22B6A0012E920 /* Build configuration list for PBXProject "collectionViewDiffableDS" */;
			compatibilityVersion = "Xcode 9.3";
			developmentRegion = en;
			hasScannedForEncodings = 0;
			knownRegions = (
				en,
				Base,
			);
			mainGroup = F170FE0F24B22B6A0012E920;
			productRefGroup = F170FE1924B22B6A0012E920 /* Products */;
			projectDirPath = "";
			projectRoot = "";
			targets = (
				F170FE1724B22B6A0012E920 /* collectionViewDiffableDS */,
			);
		};
/* End PBXProject section */

/* Begin PBXResourcesBuildPhase section */
		F170FE1624B22B6A0012E920 /* Resources */ = {
			isa = PBXResourcesBuildPhase;
			buildActionMask = 2147483647;
			files = (
				F170FE2824B22B6C0012E920 /* LaunchScreen.storyboard in Resources */,
				F170FE2524B22B6C0012E920 /* Assets.xcassets in Resources */,
			);
			runOnlyForDeploymentPostprocessing = 0;
		};
/* End PBXResourcesBuildPhase section */

/* Begin PBXSourcesBuildPhase section */
		F170FE1424B22B6A0012E920 /* Sources */ = {
			isa = PBXSourcesBuildPhase;
			buildActionMask = 2147483647;
			files = (
				F170FE3A24B235CD0012E920 /* CollectionViewCell.swift in Sources */,
				F170FE3624B22EFE0012E920 /* CollectionViewData.swift in Sources */,
				F170FE1C24B22B6A0012E920 /* AppDelegate.swift in Sources */,
				F170FE4424B256980012E920 /* CustomButton.swift in Sources */,
				F170FE1E24B22B6A0012E920 /* SceneDelegate.swift in Sources */,
				F170FE3F24B2437E0012E920 /* CollectionViewHelper.swift in Sources */,
				F170FE4A24B273250012E920 /* AlertProtocol.swift in Sources */,
				F170FE4724B25A160012E920 /* ViewController.swift in Sources */,
				F170FE4624B258B60012E920 /* CustomAlert.swift in Sources */,
			);
			runOnlyForDeploymentPostprocessing = 0;
		};
/* End PBXSourcesBuildPhase section */

/* Begin PBXVariantGroup section */
		F170FE2624B22B6C0012E920 /* LaunchScreen.storyboard */ = {
			isa = PBXVariantGroup;
			children = (
				F170FE2724B22B6C0012E920 /* Base */,
			);
			name = LaunchScreen.storyboard;
			sourceTree = "<group>";
		};
/* End PBXVariantGroup section */

/* Begin XCBuildConfiguration section */
		F170FE2A24B22B6C0012E920 /* Debug */ = {
			isa = XCBuildConfiguration;
			buildSettings = {
				ALWAYS_SEARCH_USER_PATHS = NO;
				CLANG_ANALYZER_NONNULL = YES;
				CLANG_ANALYZER_NUMBER_OBJECT_CONVERSION = YES_AGGRESSIVE;
				CLANG_CXX_LANGUAGE_STANDARD = "gnu++14";
				CLANG_CXX_LIBRARY = "libc++";
				CLANG_ENABLE_MODULES = YES;
				CLANG_ENABLE_OBJC_ARC = YES;
				CLANG_ENABLE_OBJC_WEAK = YES;
				CLANG_WARN_BLOCK_CAPTURE_AUTORELEASING = YES;
				CLANG_WARN_BOOL_CONVERSION = YES;
				CLANG_WARN_COMMA = YES;
				CLANG_WARN_CONSTANT_CONVERSION = YES;
				CLANG_WARN_DEPRECATED_OBJC_IMPLEMENTATIONS = YES;
				CLANG_WARN_DIRECT_OBJC_ISA_USAGE = YES_ERROR;
				CLANG_WARN_DOCUMENTATION_COMMENTS = YES;
				CLANG_WARN_EMPTY_BODY = YES;
				CLANG_WARN_ENUM_CONVERSION = YES;
				CLANG_WARN_INFINITE_RECURSION = YES;
				CLANG_WARN_INT_CONVERSION = YES;
				CLANG_WARN_NON_LITERAL_NULL_CONVERSION = YES;
				CLANG_WARN_OBJC_IMPLICIT_RETAIN_SELF = YES;
				CLANG_WARN_OBJC_LITERAL_CONVERSION = YES;
				CLANG_WARN_OBJC_ROOT_CLASS = YES_ERROR;
				CLANG_WARN_RANGE_LOOP_ANALYSIS = YES;
				CLANG_WARN_STRICT_PROTOTYPES = YES;
				CLANG_WARN_SUSPICIOUS_MOVE = YES;
				CLANG_WARN_UNGUARDED_AVAILABILITY = YES_AGGRESSIVE;
				CLANG_WARN_UNREACHABLE_CODE = YES;
				CLANG_WARN__DUPLICATE_METHOD_MATCH = YES;
				COPY_PHASE_STRIP = NO;
				DEBUG_INFORMATION_FORMAT = dwarf;
				ENABLE_STRICT_OBJC_MSGSEND = YES;
				ENABLE_TESTABILITY = YES;
				GCC_C_LANGUAGE_STANDARD = gnu11;
				GCC_DYNAMIC_NO_PIC = NO;
				GCC_NO_COMMON_BLOCKS = YES;
				GCC_OPTIMIZATION_LEVEL = 0;
				GCC_PREPROCESSOR_DEFINITIONS = (
					"DEBUG=1",
					"$(inherited)",
				);
				GCC_WARN_64_TO_32_BIT_CONVERSION = YES;
				GCC_WARN_ABOUT_RETURN_TYPE = YES_ERROR;
				GCC_WARN_UNDECLARED_SELECTOR = YES;
				GCC_WARN_UNINITIALIZED_AUTOS = YES_AGGRESSIVE;
				GCC_WARN_UNUSED_FUNCTION = YES;
				GCC_WARN_UNUSED_VARIABLE = YES;
				IPHONEOS_DEPLOYMENT_TARGET = 13.2;
				MTL_ENABLE_DEBUG_INFO = INCLUDE_SOURCE;
				MTL_FAST_MATH = YES;
				ONLY_ACTIVE_ARCH = YES;
				SDKROOT = iphoneos;
				SWIFT_ACTIVE_COMPILATION_CONDITIONS = DEBUG;
				SWIFT_OPTIMIZATION_LEVEL = "-Onone";
			};
			name = Debug;
		};
		F170FE2B24B22B6C0012E920 /* Release */ = {
			isa = XCBuildConfiguration;
			buildSettings = {
				ALWAYS_SEARCH_USER_PATHS = NO;
				CLANG_ANALYZER_NONNULL = YES;
				CLANG_ANALYZER_NUMBER_OBJECT_CONVERSION = YES_AGGRESSIVE;
				CLANG_CXX_LANGUAGE_STANDARD = "gnu++14";
				CLANG_CXX_LIBRARY = "libc++";
				CLANG_ENABLE_MODULES = YES;
				CLANG_ENABLE_OBJC_ARC = YES;
				CLANG_ENABLE_OBJC_WEAK = YES;
				CLANG_WARN_BLOCK_CAPTURE_AUTORELEASING = YES;
				CLANG_WARN_BOOL_CONVERSION = YES;
				CLANG_WARN_COMMA = YES;
				CLANG_WARN_CONSTANT_CONVERSION = YES;
				CLANG_WARN_DEPRECATED_OBJC_IMPLEMENTATIONS = YES;
				CLANG_WARN_DIRECT_OBJC_ISA_USAGE = YES_ERROR;
				CLANG_WARN_DOCUMENTATION_COMMENTS = YES;
				CLANG_WARN_EMPTY_BODY = YES;
				CLANG_WARN_ENUM_CONVERSION = YES;
				CLANG_WARN_INFINITE_RECURSION = YES;
				CLANG_WARN_INT_CONVERSION = YES;
				CLANG_WARN_NON_LITERAL_NULL_CONVERSION = YES;
				CLANG_WARN_OBJC_IMPLICIT_RETAIN_SELF = YES;
				CLANG_WARN_OBJC_LITERAL_CONVERSION = YES;
				CLANG_WARN_OBJC_ROOT_CLASS = YES_ERROR;
				CLANG_WARN_RANGE_LOOP_ANALYSIS = YES;
				CLANG_WARN_STRICT_PROTOTYPES = YES;
				CLANG_WARN_SUSPICIOUS_MOVE = YES;
				CLANG_WARN_UNGUARDED_AVAILABILITY = YES_AGGRESSIVE;
				CLANG_WARN_UNREACHABLE_CODE = YES;
				CLANG_WARN__DUPLICATE_METHOD_MATCH = YES;
				COPY_PHASE_STRIP = NO;
				DEBUG_INFORMATION_FORMAT = "dwarf-with-dsym";
				ENABLE_NS_ASSERTIONS = NO;
				ENABLE_STRICT_OBJC_MSGSEND = YES;
				GCC_C_LANGUAGE_STANDARD = gnu11;
				GCC_NO_COMMON_BLOCKS = YES;
				GCC_WARN_64_TO_32_BIT_CONVERSION = YES;
				GCC_WARN_ABOUT_RETURN_TYPE = YES_ERROR;
				GCC_WARN_UNDECLARED_SELECTOR = YES;
				GCC_WARN_UNINITIALIZED_AUTOS = YES_AGGRESSIVE;
				GCC_WARN_UNUSED_FUNCTION = YES;
				GCC_WARN_UNUSED_VARIABLE = YES;
				IPHONEOS_DEPLOYMENT_TARGET = 13.2;
				MTL_ENABLE_DEBUG_INFO = NO;
				MTL_FAST_MATH = YES;
				SDKROOT = iphoneos;
				SWIFT_COMPILATION_MODE = wholemodule;
				SWIFT_OPTIMIZATION_LEVEL = "-O";
				VALIDATE_PRODUCT = YES;
			};
			name = Release;
		};
		F170FE2D24B22B6C0012E920 /* Debug */ = {
			isa = XCBuildConfiguration;
			buildSettings = {
				ASSETCATALOG_COMPILER_APPICON_NAME = AppIcon;
				CODE_SIGN_STYLE = Automatic;
				DEVELOPMENT_TEAM = L68H6X9MR3;
				INFOPLIST_FILE = "collectionViewDiffableDS/Supporting Files/Info.plist";
				LD_RUNPATH_SEARCH_PATHS = (
					"$(inherited)",
					"@executable_path/Frameworks",
				);
				PRODUCT_BUNDLE_IDENTIFIER = com.mbsa.collectionViewDiffableDS;
				PRODUCT_NAME = "$(TARGET_NAME)";
				SWIFT_VERSION = 5.0;
				TARGETED_DEVICE_FAMILY = "1,2";
			};
			name = Debug;
		};
		F170FE2E24B22B6C0012E920 /* Release */ = {
			isa = XCBuildConfiguration;
			buildSettings = {
				ASSETCATALOG_COMPILER_APPICON_NAME = AppIcon;
				CODE_SIGN_STYLE = Automatic;
				DEVELOPMENT_TEAM = L68H6X9MR3;
				INFOPLIST_FILE = "collectionViewDiffableDS/Supporting Files/Info.plist";
				LD_RUNPATH_SEARCH_PATHS = (
					"$(inherited)",
					"@executable_path/Frameworks",
				);
				PRODUCT_BUNDLE_IDENTIFIER = com.mbsa.collectionViewDiffableDS;
				PRODUCT_NAME = "$(TARGET_NAME)";
				SWIFT_VERSION = 5.0;
				TARGETED_DEVICE_FAMILY = "1,2";
			};
			name = Release;
		};
/* End XCBuildConfiguration section */

/* Begin XCConfigurationList section */
		F170FE1324B22B6A0012E920 /* Build configuration list for PBXProject "collectionViewDiffableDS" */ = {
			isa = XCConfigurationList;
			buildConfigurations = (
				F170FE2A24B22B6C0012E920 /* Debug */,
				F170FE2B24B22B6C0012E920 /* Release */,
			);
			defaultConfigurationIsVisible = 0;
			defaultConfigurationName = Release;
		};
		F170FE2C24B22B6C0012E920 /* Build configuration list for PBXNativeTarget "collectionViewDiffableDS" */ = {
			isa = XCConfigurationList;
			buildConfigurations = (
				F170FE2D24B22B6C0012E920 /* Debug */,
				F170FE2E24B22B6C0012E920 /* Release */,
			);
			defaultConfigurationIsVisible = 0;
			defaultConfigurationName = Release;
		};
/* End XCConfigurationList section */
	};
	rootObject = F170FE1024B22B6A0012E920 /* Project object */;
}
