// !$*UTF8*$!
{
	archiveVersion = 1;
	classes = {
	};
	objectVersion = 50;
	objects = {

/* Begin PBXBuildFile section */
		F170FDCA24B0BA840012E920 /* AppDelegate.swift in Sources */ = {isa = PBXBuildFile; fileRef = F170FDC924B0BA840012E920 /* AppDelegate.swift */; };
		F170FDCC24B0BA840012E920 /* SceneDelegate.swift in Sources */ = {isa = PBXBuildFile; fileRef = F170FDCB24B0BA840012E920 /* SceneDelegate.swift */; };
		F170FDCE24B0BA840012E920 /* ViewController.swift in Sources */ = {isa = PBXBuildFile; fileRef = F170FDCD24B0BA840012E920 /* ViewController.swift */; };
		F170FDD324B0BA860012E920 /* Assets.xcassets in Resources */ = {isa = PBXBuildFile; fileRef = F170FDD224B0BA860012E920 /* Assets.xcassets */; };
		F170FDD624B0BA860012E920 /* LaunchScreen.storyboard in Resources */ = {isa = PBXBuildFile; fileRef = F170FDD424B0BA860012E920 /* LaunchScreen.storyboard */; };
		F170FDDE24B0C4F30012E920 /* CollectionViewCell.swift in Sources */ = {isa = PBXBuildFile; fileRef = F170FDDD24B0C4F30012E920 /* CollectionViewCell.swift */; };
		F170FDE024B0C84D0012E920 /* CollectionViewDataSource.swift in Sources */ = {isa = PBXBuildFile; fileRef = F170FDDF24B0C84D0012E920 /* CollectionViewDataSource.swift */; };
		F170FDE524B0D4D00012E920 /* CollectionView.swift in Sources */ = {isa = PBXBuildFile; fileRef = F170FDE324B0D0B90012E920 /* CollectionView.swift */; };
/* End PBXBuildFile section */

/* Begin PBXFileReference section */
		F170FDC624B0BA840012E920 /* collectionViewGrid.app */ = {isa = PBXFileReference; explicitFileType = wrapper.application; includeInIndex = 0; path = collectionViewGrid.app; sourceTree = BUILT_PRODUCTS_DIR; };
		F170FDC924B0BA840012E920 /* AppDelegate.swift */ = {isa = PBXFileReference; lastKnownFileType = sourcecode.swift; path = AppDelegate.swift; sourceTree = "<group>"; };
		F170FDCB24B0BA840012E920 /* SceneDelegate.swift */ = {isa = PBXFileReference; lastKnownFileType = sourcecode.swift; path = SceneDelegate.swift; sourceTree = "<group>"; };
		F170FDCD24B0BA840012E920 /* ViewController.swift */ = {isa = PBXFileReference; lastKnownFileType = sourcecode.swift; path = ViewController.swift; sourceTree = "<group>"; };
		F170FDD224B0BA860012E920 /* Assets.xcassets */ = {isa = PBXFileReference; lastKnownFileType = folder.assetcatalog; path = Assets.xcassets; sourceTree = "<group>"; };
		F170FDD524B0BA860012E920 /* Base */ = {isa = PBXFileReference; lastKnownFileType = file.storyboard; name = Base; path = Base.lproj/LaunchScreen.storyboard; sourceTree = "<group>"; };
		F170FDD724B0BA860012E920 /* Info.plist */ = {isa = PBXFileReference; lastKnownFileType = text.plist.xml; path = Info.plist; sourceTree = "<group>"; };
		F170FDDD24B0C4F30012E920 /* CollectionViewCell.swift */ = {isa = PBXFileReference; lastKnownFileType = sourcecode.swift; path = CollectionViewCell.swift; sourceTree = "<group>"; };
		F170FDDF24B0C84D0012E920 /* CollectionViewDataSource.swift */ = {isa = PBXFileReference; lastKnownFileType = sourcecode.swift; path = CollectionViewDataSource.swift; sourceTree = "<group>"; };
		F170FDE324B0D0B90012E920 /* CollectionView.swift */ = {isa = PBXFileReference; lastKnownFileType = sourcecode.swift; path = CollectionView.swift; sourceTree = "<group>"; };
/* End PBXFileReference section */

/* Begin PBXFrameworksBuildPhase section */
		F170FDC324B0BA840012E920 /* Frameworks */ = {
			isa = PBXFrameworksBuildPhase;
			buildActionMask = 2147483647;
			files = (
			);
			runOnlyForDeploymentPostprocessing = 0;
		};
/* End PBXFrameworksBuildPhase section */

/* Begin PBXGroup section */
		F170FDBD24B0BA840012E920 = {
			isa = PBXGroup;
			children = (
				F170FDC824B0BA840012E920 /* collectionViewGrid */,
				F170FDC724B0BA840012E920 /* Products */,
			);
			sourceTree = "<group>";
		};
		F170FDC724B0BA840012E920 /* Products */ = {
			isa = PBXGroup;
			children = (
				F170FDC624B0BA840012E920 /* collectionViewGrid.app */,
			);
			name = Products;
			sourceTree = "<group>";
		};
		F170FDC824B0BA840012E920 /* collectionViewGrid */ = {
			isa = PBXGroup;
			children = (
				F170FDC924B0BA840012E920 /* AppDelegate.swift */,
				F170FDCB24B0BA840012E920 /* SceneDelegate.swift */,
				F170FDCD24B0BA840012E920 /* ViewController.swift */,
				F170FDDD24B0C4F30012E920 /* CollectionViewCell.swift */,
				F170FDDF24B0C84D0012E920 /* CollectionViewDataSource.swift */,
				F170FDE324B0D0B90012E920 /* CollectionView.swift */,
				F170FDD224B0BA860012E920 /* Assets.xcassets */,
				F170FDD424B0BA860012E920 /* LaunchScreen.storyboard */,
				F170FDD724B0BA860012E920 /* Info.plist */,
			);
			path = collectionViewGrid;
			sourceTree = "<group>";
		};
/* End PBXGroup section */

/* Begin PBXNativeTarget section */
		F170FDC524B0BA840012E920 /* collectionViewGrid */ = {
			isa = PBXNativeTarget;
			buildConfigurationList = F170FDDA24B0BA860012E920 /* Build configuration list for PBXNativeTarget "collectionViewGrid" */;
			buildPhases = (
				F170FDC224B0BA840012E920 /* Sources */,
				F170FDC324B0BA840012E920 /* Frameworks */,
				F170FDC424B0BA840012E920 /* Resources */,
			);
			buildRules = (
			);
			dependencies = (
			);
			name = collectionViewGrid;
			productName = collectionViewGrid;
			productReference = F170FDC624B0BA840012E920 /* collectionViewGrid.app */;
			productType = "com.apple.product-type.application";
		};
/* End PBXNativeTarget section */

/* Begin PBXProject section */
		F170FDBE24B0BA840012E920 /* Project object */ = {
			isa = PBXProject;
			attributes = {
				LastSwiftUpdateCheck = 1130;
				LastUpgradeCheck = 1130;
				ORGANIZATIONNAME = "Marina Beatriz Santana de Aguiar";
				TargetAttributes = {
					F170FDC524B0BA840012E920 = {
						CreatedOnToolsVersion = 11.3.1;
					};
				};
			};
			buildConfigurationList = F170FDC124B0BA840012E920 /* Build configuration list for PBXProject "collectionViewGrid" */;
			compatibilityVersion = "Xcode 9.3";
			developmentRegion = en;
			hasScannedForEncodings = 0;
			knownRegions = (
				en,
				Base,
			);
			mainGroup = F170FDBD24B0BA840012E920;
			productRefGroup = F170FDC724B0BA840012E920 /* Products */;
			projectDirPath = "";
			projectRoot = "";
			targets = (
				F170FDC524B0BA840012E920 /* collectionViewGrid */,
			);
		};
/* End PBXProject section */

/* Begin PBXResourcesBuildPhase section */
		F170FDC424B0BA840012E920 /* Resources */ = {
			isa = PBXResourcesBuildPhase;
			buildActionMask = 2147483647;
			files = (
				F170FDD624B0BA860012E920 /* LaunchScreen.storyboard in Resources */,
				F170FDD324B0BA860012E920 /* Assets.xcassets in Resources */,
			);
			runOnlyForDeploymentPostprocessing = 0;
		};
/* End PBXResourcesBuildPhase section */

/* Begin PBXSourcesBuildPhase section */
		F170FDC224B0BA840012E920 /* Sources */ = {
			isa = PBXSourcesBuildPhase;
			buildActionMask = 2147483647;
			files = (
				F170FDE524B0D4D00012E920 /* CollectionView.swift in Sources */,
				F170FDE024B0C84D0012E920 /* CollectionViewDataSource.swift in Sources */,
				F170FDCE24B0BA840012E920 /* ViewController.swift in Sources */,
				F170FDCA24B0BA840012E920 /* AppDelegate.swift in Sources */,
				F170FDDE24B0C4F30012E920 /* CollectionViewCell.swift in Sources */,
				F170FDCC24B0BA840012E920 /* SceneDelegate.swift in Sources */,
			);
			runOnlyForDeploymentPostprocessing = 0;
		};
/* End PBXSourcesBuildPhase section */

/* Begin PBXVariantGroup section */
		F170FDD424B0BA860012E920 /* LaunchScreen.storyboard */ = {
			isa = PBXVariantGroup;
			children = (
				F170FDD524B0BA860012E920 /* Base */,
			);
			name = LaunchScreen.storyboard;
			sourceTree = "<group>";
		};
/* End PBXVariantGroup section */

/* Begin XCBuildConfiguration section */
		F170FDD824B0BA860012E920 /* Debug */ = {
			isa = XCBuildConfiguration;
			buildSettings = {
				ALWAYS_SEARCH_USER_PATHS = NO;
				CLANG_ANALYZER_NONNULL = YES;
				CLANG_ANALYZER_NUMBER_OBJECT_CONVERSION = YES_AGGRESSIVE;
				CLANG_CXX_LANGUAGE_STANDARD = "gnu++14";
				CLANG_CXX_LIBRARY = "libc++";
				CLANG_ENABLE_MODULES = YES;
				CLANG_ENABLE_OBJC_ARC = YES;
				CLANG_ENABLE_OBJC_WEAK = YES;
				CLANG_WARN_BLOCK_CAPTURE_AUTORELEASING = YES;
				CLANG_WARN_BOOL_CONVERSION = YES;
				CLANG_WARN_COMMA = YES;
				CLANG_WARN_CONSTANT_CONVERSION = YES;
				CLANG_WARN_DEPRECATED_OBJC_IMPLEMENTATIONS = YES;
				CLANG_WARN_DIRECT_OBJC_ISA_USAGE = YES_ERROR;
				CLANG_WARN_DOCUMENTATION_COMMENTS = YES;
				CLANG_WARN_EMPTY_BODY = YES;
				CLANG_WARN_ENUM_CONVERSION = YES;
				CLANG_WARN_INFINITE_RECURSION = YES;
				CLANG_WARN_INT_CONVERSION = YES;
				CLANG_WARN_NON_LITERAL_NULL_CONVERSION = YES;
				CLANG_WARN_OBJC_IMPLICIT_RETAIN_SELF = YES;
				CLANG_WARN_OBJC_LITERAL_CONVERSION = YES;
				CLANG_WARN_OBJC_ROOT_CLASS = YES_ERROR;
				CLANG_WARN_RANGE_LOOP_ANALYSIS = YES;
				CLANG_WARN_STRICT_PROTOTYPES = YES;
				CLANG_WARN_SUSPICIOUS_MOVE = YES;
				CLANG_WARN_UNGUARDED_AVAILABILITY = YES_AGGRESSIVE;
				CLANG_WARN_UNREACHABLE_CODE = YES;
				CLANG_WARN__DUPLICATE_METHOD_MATCH = YES;
				COPY_PHASE_STRIP = NO;
				DEBUG_INFORMATION_FORMAT = dwarf;
				ENABLE_STRICT_OBJC_MSGSEND = YES;
				ENABLE_TESTABILITY = YES;
				GCC_C_LANGUAGE_STANDARD = gnu11;
				GCC_DYNAMIC_NO_PIC = NO;
				GCC_NO_COMMON_BLOCKS = YES;
				GCC_OPTIMIZATION_LEVEL = 0;
				GCC_PREPROCESSOR_DEFINITIONS = (
					"DEBUG=1",
					"$(inherited)",
				);
				GCC_WARN_64_TO_32_BIT_CONVERSION = YES;
				GCC_WARN_ABOUT_RETURN_TYPE = YES_ERROR;
				GCC_WARN_UNDECLARED_SELECTOR = YES;
				GCC_WARN_UNINITIALIZED_AUTOS = YES_AGGRESSIVE;
				GCC_WARN_UNUSED_FUNCTION = YES;
				GCC_WARN_UNUSED_VARIABLE = YES;
				IPHONEOS_DEPLOYMENT_TARGET = 13.2;
				MTL_ENABLE_DEBUG_INFO = INCLUDE_SOURCE;
				MTL_FAST_MATH = YES;
				ONLY_ACTIVE_ARCH = YES;
				SDKROOT = iphoneos;
				SWIFT_ACTIVE_COMPILATION_CONDITIONS = DEBUG;
				SWIFT_OPTIMIZATION_LEVEL = "-Onone";
			};
			name = Debug;
		};
		F170FDD924B0BA860012E920 /* Release */ = {
			isa = XCBuildConfiguration;
			buildSettings = {
				ALWAYS_SEARCH_USER_PATHS = NO;
				CLANG_ANALYZER_NONNULL = YES;
				CLANG_ANALYZER_NUMBER_OBJECT_CONVERSION = YES_AGGRESSIVE;
				CLANG_CXX_LANGUAGE_STANDARD = "gnu++14";
				CLANG_CXX_LIBRARY = "libc++";
				CLANG_ENABLE_MODULES = YES;
				CLANG_ENABLE_OBJC_ARC = YES;
				CLANG_ENABLE_OBJC_WEAK = YES;
				CLANG_WARN_BLOCK_CAPTURE_AUTORELEASING = YES;
				CLANG_WARN_BOOL_CONVERSION = YES;
				CLANG_WARN_COMMA = YES;
				CLANG_WARN_CONSTANT_CONVERSION = YES;
				CLANG_WARN_DEPRECATED_OBJC_IMPLEMENTATIONS = YES;
				CLANG_WARN_DIRECT_OBJC_ISA_USAGE = YES_ERROR;
				CLANG_WARN_DOCUMENTATION_COMMENTS = YES;
				CLANG_WARN_EMPTY_BODY = YES;
				CLANG_WARN_ENUM_CONVERSION = YES;
				CLANG_WARN_INFINITE_RECURSION = YES;
				CLANG_WARN_INT_CONVERSION = YES;
				CLANG_WARN_NON_LITERAL_NULL_CONVERSION = YES;
				CLANG_WARN_OBJC_IMPLICIT_RETAIN_SELF = YES;
				CLANG_WARN_OBJC_LITERAL_CONVERSION = YES;
				CLANG_WARN_OBJC_ROOT_CLASS = YES_ERROR;
				CLANG_WARN_RANGE_LOOP_ANALYSIS = YES;
				CLANG_WARN_STRICT_PROTOTYPES = YES;
				CLANG_WARN_SUSPICIOUS_MOVE = YES;
				CLANG_WARN_UNGUARDED_AVAILABILITY = YES_AGGRESSIVE;
				CLANG_WARN_UNREACHABLE_CODE = YES;
				CLANG_WARN__DUPLICATE_METHOD_MATCH = YES;
				COPY_PHASE_STRIP = NO;
				DEBUG_INFORMATION_FORMAT = "dwarf-with-dsym";
				ENABLE_NS_ASSERTIONS = NO;
				ENABLE_STRICT_OBJC_MSGSEND = YES;
				GCC_C_LANGUAGE_STANDARD = gnu11;
				GCC_NO_COMMON_BLOCKS = YES;
				GCC_WARN_64_TO_32_BIT_CONVERSION = YES;
				GCC_WARN_ABOUT_RETURN_TYPE = YES_ERROR;
				GCC_WARN_UNDECLARED_SELECTOR = YES;
				GCC_WARN_UNINITIALIZED_AUTOS = YES_AGGRESSIVE;
				GCC_WARN_UNUSED_FUNCTION = YES;
				GCC_WARN_UNUSED_VARIABLE = YES;
				IPHONEOS_DEPLOYMENT_TARGET = 13.2;
				MTL_ENABLE_DEBUG_INFO = NO;
				MTL_FAST_MATH = YES;
				SDKROOT = iphoneos;
				SWIFT_COMPILATION_MODE = wholemodule;
				SWIFT_OPTIMIZATION_LEVEL = "-O";
				VALIDATE_PRODUCT = YES;
			};
			name = Release;
		};
		F170FDDB24B0BA860012E920 /* Debug */ = {
			isa = XCBuildConfiguration;
			buildSettings = {
				ASSETCATALOG_COMPILER_APPICON_NAME = AppIcon;
				CODE_SIGN_STYLE = Automatic;
				DEVELOPMENT_TEAM = L68H6X9MR3;
				INFOPLIST_FILE = collectionViewGrid/Info.plist;
				LD_RUNPATH_SEARCH_PATHS = (
					"$(inherited)",
					"@executable_path/Frameworks",
				);
				PRODUCT_BUNDLE_IDENTIFIER = com.mbsa.collectionViewGrid;
				PRODUCT_NAME = "$(TARGET_NAME)";
				SWIFT_VERSION = 5.0;
				TARGETED_DEVICE_FAMILY = "1,2";
			};
			name = Debug;
		};
		F170FDDC24B0BA860012E920 /* Release */ = {
			isa = XCBuildConfiguration;
			buildSettings = {
				ASSETCATALOG_COMPILER_APPICON_NAME = AppIcon;
				CODE_SIGN_STYLE = Automatic;
				DEVELOPMENT_TEAM = L68H6X9MR3;
				INFOPLIST_FILE = collectionViewGrid/Info.plist;
				LD_RUNPATH_SEARCH_PATHS = (
					"$(inherited)",
					"@executable_path/Frameworks",
				);
				PRODUCT_BUNDLE_IDENTIFIER = com.mbsa.collectionViewGrid;
				PRODUCT_NAME = "$(TARGET_NAME)";
				SWIFT_VERSION = 5.0;
				TARGETED_DEVICE_FAMILY = "1,2";
			};
			name = Release;
		};
/* End XCBuildConfiguration section */

/* Begin XCConfigurationList section */
		F170FDC124B0BA840012E920 /* Build configuration list for PBXProject "collectionViewGrid" */ = {
			isa = XCConfigurationList;
			buildConfigurations = (
				F170FDD824B0BA860012E920 /* Debug */,
				F170FDD924B0BA860012E920 /* Release */,
			);
			defaultConfigurationIsVisible = 0;
			defaultConfigurationName = Release;
		};
		F170FDDA24B0BA860012E920 /* Build configuration list for PBXNativeTarget "collectionViewGrid" */ = {
			isa = XCConfigurationList;
			buildConfigurations = (
				F170FDDB24B0BA860012E920 /* Debug */,
				F170FDDC24B0BA860012E920 /* Release */,
			);
			defaultConfigurationIsVisible = 0;
			defaultConfigurationName = Release;
		};
/* End XCConfigurationList section */
	};
	rootObject = F170FDBE24B0BA840012E920 /* Project object */;
}
